// !$*UTF8*$!
{
	archiveVersion = 1;
	classes = {
	};
	objectVersion = 55;
	objects = {

/* Begin PBXBuildFile section */
		922B264B28E2F30A007FF62E /* CheckBoxView.swift in Sources */ = {isa = PBXBuildFile; fileRef = 922B264A28E2F30A007FF62E /* CheckBoxView.swift */; };
		9264C42128ED902B004C7F40 /* Colours.xcassets in Resources */ = {isa = PBXBuildFile; fileRef = 9264C42028ED902B004C7F40 /* Colours.xcassets */; };
		9264C42328ED9164004C7F40 /* ColourExtension.swift in Sources */ = {isa = PBXBuildFile; fileRef = 9264C42228ED9164004C7F40 /* ColourExtension.swift */; };
		9264C42728F47DD0004C7F40 /* Chore.swift in Sources */ = {isa = PBXBuildFile; fileRef = 9264C42628F47DD0004C7F40 /* Chore.swift */; };
		9264C42B28F482CC004C7F40 /* ClassTesting.swift in Sources */ = {isa = PBXBuildFile; fileRef = 9264C42A28F482CC004C7F40 /* ClassTesting.swift */; };
		9264C42D28F484ED004C7F40 /* DateExtenstion.swift in Sources */ = {isa = PBXBuildFile; fileRef = 9264C42C28F484ED004C7F40 /* DateExtenstion.swift */; };
		929E09BA28D0732B00AA8F36 /* ALevelProgrammingProjectApp.swift in Sources */ = {isa = PBXBuildFile; fileRef = 929E09B928D0732B00AA8F36 /* ALevelProgrammingProjectApp.swift */; };
		929E09BE28D0732D00AA8F36 /* Assets.xcassets in Resources */ = {isa = PBXBuildFile; fileRef = 929E09BD28D0732D00AA8F36 /* Assets.xcassets */; };
		929E09C128D0732D00AA8F36 /* Preview Assets.xcassets in Resources */ = {isa = PBXBuildFile; fileRef = 929E09C028D0732D00AA8F36 /* Preview Assets.xcassets */; };
		929E09CB28D0732D00AA8F36 /* ALevelProgrammingProjectTests.swift in Sources */ = {isa = PBXBuildFile; fileRef = 929E09CA28D0732D00AA8F36 /* ALevelProgrammingProjectTests.swift */; };
		929E09D528D0732D00AA8F36 /* ALevelProgrammingProjectUITests.swift in Sources */ = {isa = PBXBuildFile; fileRef = 929E09D428D0732D00AA8F36 /* ALevelProgrammingProjectUITests.swift */; };
		929E09D728D0732D00AA8F36 /* ALevelProgrammingProjectUITestsLaunchTests.swift in Sources */ = {isa = PBXBuildFile; fileRef = 929E09D628D0732D00AA8F36 /* ALevelProgrammingProjectUITestsLaunchTests.swift */; };
		929E09E828D1DFB600AA8F36 /* ChoresView.swift in Sources */ = {isa = PBXBuildFile; fileRef = 929E09E728D1DFB600AA8F36 /* ChoresView.swift */; };
		929E09EA28D1DFC900AA8F36 /* MainView.swift in Sources */ = {isa = PBXBuildFile; fileRef = 929E09E928D1DFC900AA8F36 /* MainView.swift */; };
		929E09EC28D1E18600AA8F36 /* RewardsView.swift in Sources */ = {isa = PBXBuildFile; fileRef = 929E09EB28D1E18600AA8F36 /* RewardsView.swift */; };
		92FBF7E929111C0500AE5BDC /* ChoreItem.swift in Sources */ = {isa = PBXBuildFile; fileRef = 92FBF7E829111C0500AE5BDC /* ChoreItem.swift */; };
		92FBF7ED29111D3300AE5BDC /* MainMenuItem.swift in Sources */ = {isa = PBXBuildFile; fileRef = 92FBF7EC29111D3300AE5BDC /* MainMenuItem.swift */; };
		92FBF7EF29111FE100AE5BDC /* RewardItem.swift in Sources */ = {isa = PBXBuildFile; fileRef = 92FBF7EE29111FE100AE5BDC /* RewardItem.swift */; };
		92FBF7F129111FF500AE5BDC /* Reward.swift in Sources */ = {isa = PBXBuildFile; fileRef = 92FBF7F029111FF500AE5BDC /* Reward.swift */; };
/* End PBXBuildFile section */

/* Begin PBXContainerItemProxy section */
		929E09C728D0732D00AA8F36 /* PBXContainerItemProxy */ = {
			isa = PBXContainerItemProxy;
			containerPortal = 929E09AE28D0732B00AA8F36 /* Project object */;
			proxyType = 1;
			remoteGlobalIDString = 929E09B528D0732B00AA8F36;
			remoteInfo = ALevelProgrammingProject;
		};
		929E09D128D0732D00AA8F36 /* PBXContainerItemProxy */ = {
			isa = PBXContainerItemProxy;
			containerPortal = 929E09AE28D0732B00AA8F36 /* Project object */;
			proxyType = 1;
			remoteGlobalIDString = 929E09B528D0732B00AA8F36;
			remoteInfo = ALevelProgrammingProject;
		};
/* End PBXContainerItemProxy section */

/* Begin PBXFileReference section */
		922B264A28E2F30A007FF62E /* CheckBoxView.swift */ = {isa = PBXFileReference; lastKnownFileType = sourcecode.swift; path = CheckBoxView.swift; sourceTree = "<group>"; };
		9264C42028ED902B004C7F40 /* Colours.xcassets */ = {isa = PBXFileReference; lastKnownFileType = folder.assetcatalog; path = Colours.xcassets; sourceTree = "<group>"; };
		9264C42228ED9164004C7F40 /* ColourExtension.swift */ = {isa = PBXFileReference; lastKnownFileType = sourcecode.swift; path = ColourExtension.swift; sourceTree = "<group>"; };
		9264C42628F47DD0004C7F40 /* Chore.swift */ = {isa = PBXFileReference; lastKnownFileType = sourcecode.swift; path = Chore.swift; sourceTree = "<group>"; };
		9264C42A28F482CC004C7F40 /* ClassTesting.swift */ = {isa = PBXFileReference; lastKnownFileType = sourcecode.swift; path = ClassTesting.swift; sourceTree = "<group>"; };
		9264C42C28F484ED004C7F40 /* DateExtenstion.swift */ = {isa = PBXFileReference; lastKnownFileType = sourcecode.swift; path = DateExtenstion.swift; sourceTree = "<group>"; };
		929E09B628D0732B00AA8F36 /* ALevelProgrammingProject.app */ = {isa = PBXFileReference; explicitFileType = wrapper.application; includeInIndex = 0; path = ALevelProgrammingProject.app; sourceTree = BUILT_PRODUCTS_DIR; };
		929E09B928D0732B00AA8F36 /* ALevelProgrammingProjectApp.swift */ = {isa = PBXFileReference; lastKnownFileType = sourcecode.swift; path = ALevelProgrammingProjectApp.swift; sourceTree = "<group>"; };
		929E09BD28D0732D00AA8F36 /* Assets.xcassets */ = {isa = PBXFileReference; lastKnownFileType = folder.assetcatalog; path = Assets.xcassets; sourceTree = "<group>"; };
		929E09C028D0732D00AA8F36 /* Preview Assets.xcassets */ = {isa = PBXFileReference; lastKnownFileType = folder.assetcatalog; path = "Preview Assets.xcassets"; sourceTree = "<group>"; };
		929E09C628D0732D00AA8F36 /* ALevelProgrammingProjectTests.xctest */ = {isa = PBXFileReference; explicitFileType = wrapper.cfbundle; includeInIndex = 0; path = ALevelProgrammingProjectTests.xctest; sourceTree = BUILT_PRODUCTS_DIR; };
		929E09CA28D0732D00AA8F36 /* ALevelProgrammingProjectTests.swift */ = {isa = PBXFileReference; lastKnownFileType = sourcecode.swift; path = ALevelProgrammingProjectTests.swift; sourceTree = "<group>"; };
		929E09D028D0732D00AA8F36 /* ALevelProgrammingProjectUITests.xctest */ = {isa = PBXFileReference; explicitFileType = wrapper.cfbundle; includeInIndex = 0; path = ALevelProgrammingProjectUITests.xctest; sourceTree = BUILT_PRODUCTS_DIR; };
		929E09D428D0732D00AA8F36 /* ALevelProgrammingProjectUITests.swift */ = {isa = PBXFileReference; lastKnownFileType = sourcecode.swift; path = ALevelProgrammingProjectUITests.swift; sourceTree = "<group>"; };
		929E09D628D0732D00AA8F36 /* ALevelProgrammingProjectUITestsLaunchTests.swift */ = {isa = PBXFileReference; lastKnownFileType = sourcecode.swift; path = ALevelProgrammingProjectUITestsLaunchTests.swift; sourceTree = "<group>"; };
		929E09E728D1DFB600AA8F36 /* ChoresView.swift */ = {isa = PBXFileReference; lastKnownFileType = sourcecode.swift; path = ChoresView.swift; sourceTree = "<group>"; };
		929E09E928D1DFC900AA8F36 /* MainView.swift */ = {isa = PBXFileReference; lastKnownFileType = sourcecode.swift; path = MainView.swift; sourceTree = "<group>"; };
		929E09EB28D1E18600AA8F36 /* RewardsView.swift */ = {isa = PBXFileReference; lastKnownFileType = sourcecode.swift; path = RewardsView.swift; sourceTree = "<group>"; };
		92FBF7E829111C0500AE5BDC /* ChoreItem.swift */ = {isa = PBXFileReference; lastKnownFileType = sourcecode.swift; path = ChoreItem.swift; sourceTree = "<group>"; };
		92FBF7EC29111D3300AE5BDC /* MainMenuItem.swift */ = {isa = PBXFileReference; lastKnownFileType = sourcecode.swift; path = MainMenuItem.swift; sourceTree = "<group>"; };
		92FBF7EE29111FE100AE5BDC /* RewardItem.swift */ = {isa = PBXFileReference; lastKnownFileType = sourcecode.swift; path = RewardItem.swift; sourceTree = "<group>"; };
		92FBF7F029111FF500AE5BDC /* Reward.swift */ = {isa = PBXFileReference; lastKnownFileType = sourcecode.swift; path = Reward.swift; sourceTree = "<group>"; };
/* End PBXFileReference section */

/* Begin PBXFrameworksBuildPhase section */
		929E09B328D0732B00AA8F36 /* Frameworks */ = {
			isa = PBXFrameworksBuildPhase;
			buildActionMask = 2147483647;
			files = (
			);
			runOnlyForDeploymentPostprocessing = 0;
		};
		929E09C328D0732D00AA8F36 /* Frameworks */ = {
			isa = PBXFrameworksBuildPhase;
			buildActionMask = 2147483647;
			files = (
			);
			runOnlyForDeploymentPostprocessing = 0;
		};
		929E09CD28D0732D00AA8F36 /* Frameworks */ = {
			isa = PBXFrameworksBuildPhase;
			buildActionMask = 2147483647;
			files = (
			);
			runOnlyForDeploymentPostprocessing = 0;
		};
/* End PBXFrameworksBuildPhase section */

/* Begin PBXGroup section */
		922B264328D9BA81007FF62E /* Extensions */ = {
			isa = PBXGroup;
			children = (
				9264C42228ED9164004C7F40 /* ColourExtension.swift */,
				9264C42C28F484ED004C7F40 /* DateExtenstion.swift */,
			);
			path = Extensions;
			sourceTree = "<group>";
		};
		922B264428D9BA9D007FF62E /* Views */ = {
			isa = PBXGroup;
			children = (
				929E09B928D0732B00AA8F36 /* ALevelProgrammingProjectApp.swift */,
				922B264A28E2F30A007FF62E /* CheckBoxView.swift */,
				92FBF7E829111C0500AE5BDC /* ChoreItem.swift */,
				92FBF7EC29111D3300AE5BDC /* MainMenuItem.swift */,
				929E09E728D1DFB600AA8F36 /* ChoresView.swift */,
				929E09E928D1DFC900AA8F36 /* MainView.swift */,
				929E09EB28D1E18600AA8F36 /* RewardsView.swift */,
				92FBF7EE29111FE100AE5BDC /* RewardItem.swift */,
				9264C42A28F482CC004C7F40 /* ClassTesting.swift */,
			);
			path = Views;
			sourceTree = "<group>";
		};
		9264C42528F47DA1004C7F40 /* Model */ = {
			isa = PBXGroup;
			children = (
				9264C42628F47DD0004C7F40 /* Chore.swift */,
				92FBF7F029111FF500AE5BDC /* Reward.swift */,
			);
			path = Model;
			sourceTree = "<group>";
		};
		929E09AD28D0732B00AA8F36 = {
			isa = PBXGroup;
			children = (
				929E09B828D0732B00AA8F36 /* ALevelProgrammingProject */,
				929E09C928D0732D00AA8F36 /* ALevelProgrammingProjectTests */,
				929E09D328D0732D00AA8F36 /* ALevelProgrammingProjectUITests */,
				929E09B728D0732B00AA8F36 /* Products */,
			);
			sourceTree = "<group>";
		};
		929E09B728D0732B00AA8F36 /* Products */ = {
			isa = PBXGroup;
			children = (
				929E09B628D0732B00AA8F36 /* ALevelProgrammingProject.app */,
				929E09C628D0732D00AA8F36 /* ALevelProgrammingProjectTests.xctest */,
				929E09D028D0732D00AA8F36 /* ALevelProgrammingProjectUITests.xctest */,
			);
			name = Products;
			sourceTree = "<group>";
		};
		929E09B828D0732B00AA8F36 /* ALevelProgrammingProject */ = {
			isa = PBXGroup;
			children = (
				922B264328D9BA81007FF62E /* Extensions */,
				922B264428D9BA9D007FF62E /* Views */,
				9264C42528F47DA1004C7F40 /* Model */,
				929E09BD28D0732D00AA8F36 /* Assets.xcassets */,
				9264C42028ED902B004C7F40 /* Colours.xcassets */,
				929E09BF28D0732D00AA8F36 /* Preview Content */,
			);
			path = ALevelProgrammingProject;
			sourceTree = "<group>";
		};
		929E09BF28D0732D00AA8F36 /* Preview Content */ = {
			isa = PBXGroup;
			children = (
				929E09C028D0732D00AA8F36 /* Preview Assets.xcassets */,
			);
			path = "Preview Content";
			sourceTree = "<group>";
		};
		929E09C928D0732D00AA8F36 /* ALevelProgrammingProjectTests */ = {
			isa = PBXGroup;
			children = (
				929E09CA28D0732D00AA8F36 /* ALevelProgrammingProjectTests.swift */,
			);
			path = ALevelProgrammingProjectTests;
			sourceTree = "<group>";
		};
		929E09D328D0732D00AA8F36 /* ALevelProgrammingProjectUITests */ = {
			isa = PBXGroup;
			children = (
				929E09D428D0732D00AA8F36 /* ALevelProgrammingProjectUITests.swift */,
				929E09D628D0732D00AA8F36 /* ALevelProgrammingProjectUITestsLaunchTests.swift */,
			);
			path = ALevelProgrammingProjectUITests;
			sourceTree = "<group>";
		};
/* End PBXGroup section */

/* Begin PBXNativeTarget section */
		929E09B528D0732B00AA8F36 /* ALevelProgrammingProject */ = {
			isa = PBXNativeTarget;
			buildConfigurationList = 929E09DA28D0732D00AA8F36 /* Build configuration list for PBXNativeTarget "ALevelProgrammingProject" */;
			buildPhases = (
				929E09B228D0732B00AA8F36 /* Sources */,
				929E09B328D0732B00AA8F36 /* Frameworks */,
				929E09B428D0732B00AA8F36 /* Resources */,
			);
			buildRules = (
			);
			dependencies = (
			);
			name = ALevelProgrammingProject;
			productName = ALevelProgrammingProject;
			productReference = 929E09B628D0732B00AA8F36 /* ALevelProgrammingProject.app */;
			productType = "com.apple.product-type.application";
		};
		929E09C528D0732D00AA8F36 /* ALevelProgrammingProjectTests */ = {
			isa = PBXNativeTarget;
			buildConfigurationList = 929E09DD28D0732D00AA8F36 /* Build configuration list for PBXNativeTarget "ALevelProgrammingProjectTests" */;
			buildPhases = (
				929E09C228D0732D00AA8F36 /* Sources */,
				929E09C328D0732D00AA8F36 /* Frameworks */,
				929E09C428D0732D00AA8F36 /* Resources */,
			);
			buildRules = (
			);
			dependencies = (
				929E09C828D0732D00AA8F36 /* PBXTargetDependency */,
			);
			name = ALevelProgrammingProjectTests;
			productName = ALevelProgrammingProjectTests;
			productReference = 929E09C628D0732D00AA8F36 /* ALevelProgrammingProjectTests.xctest */;
			productType = "com.apple.product-type.bundle.unit-test";
		};
		929E09CF28D0732D00AA8F36 /* ALevelProgrammingProjectUITests */ = {
			isa = PBXNativeTarget;
			buildConfigurationList = 929E09E028D0732D00AA8F36 /* Build configuration list for PBXNativeTarget "ALevelProgrammingProjectUITests" */;
			buildPhases = (
				929E09CC28D0732D00AA8F36 /* Sources */,
				929E09CD28D0732D00AA8F36 /* Frameworks */,
				929E09CE28D0732D00AA8F36 /* Resources */,
			);
			buildRules = (
			);
			dependencies = (
				929E09D228D0732D00AA8F36 /* PBXTargetDependency */,
			);
			name = ALevelProgrammingProjectUITests;
			productName = ALevelProgrammingProjectUITests;
			productReference = 929E09D028D0732D00AA8F36 /* ALevelProgrammingProjectUITests.xctest */;
			productType = "com.apple.product-type.bundle.ui-testing";
		};
/* End PBXNativeTarget section */

/* Begin PBXProject section */
		929E09AE28D0732B00AA8F36 /* Project object */ = {
			isa = PBXProject;
			attributes = {
				BuildIndependentTargetsInParallel = 1;
				LastSwiftUpdateCheck = 1300;
				LastUpgradeCheck = 1300;
				TargetAttributes = {
					929E09B528D0732B00AA8F36 = {
						CreatedOnToolsVersion = 13.0;
					};
					929E09C528D0732D00AA8F36 = {
						CreatedOnToolsVersion = 13.0;
						TestTargetID = 929E09B528D0732B00AA8F36;
					};
					929E09CF28D0732D00AA8F36 = {
						CreatedOnToolsVersion = 13.0;
						TestTargetID = 929E09B528D0732B00AA8F36;
					};
				};
			};
			buildConfigurationList = 929E09B128D0732B00AA8F36 /* Build configuration list for PBXProject "ALevelProgrammingProject" */;
			compatibilityVersion = "Xcode 13.0";
			developmentRegion = en;
			hasScannedForEncodings = 0;
			knownRegions = (
				en,
				Base,
			);
			mainGroup = 929E09AD28D0732B00AA8F36;
			productRefGroup = 929E09B728D0732B00AA8F36 /* Products */;
			projectDirPath = "";
			projectRoot = "";
			targets = (
				929E09B528D0732B00AA8F36 /* ALevelProgrammingProject */,
				929E09C528D0732D00AA8F36 /* ALevelProgrammingProjectTests */,
				929E09CF28D0732D00AA8F36 /* ALevelProgrammingProjectUITests */,
			);
		};
/* End PBXProject section */

/* Begin PBXResourcesBuildPhase section */
		929E09B428D0732B00AA8F36 /* Resources */ = {
			isa = PBXResourcesBuildPhase;
			buildActionMask = 2147483647;
			files = (
				929E09C128D0732D00AA8F36 /* Preview Assets.xcassets in Resources */,
				9264C42128ED902B004C7F40 /* Colours.xcassets in Resources */,
				929E09BE28D0732D00AA8F36 /* Assets.xcassets in Resources */,
			);
			runOnlyForDeploymentPostprocessing = 0;
		};
		929E09C428D0732D00AA8F36 /* Resources */ = {
			isa = PBXResourcesBuildPhase;
			buildActionMask = 2147483647;
			files = (
			);
			runOnlyForDeploymentPostprocessing = 0;
		};
		929E09CE28D0732D00AA8F36 /* Resources */ = {
			isa = PBXResourcesBuildPhase;
			buildActionMask = 2147483647;
			files = (
			);
			runOnlyForDeploymentPostprocessing = 0;
		};
/* End PBXResourcesBuildPhase section */

/* Begin PBXSourcesBuildPhase section */
		929E09B228D0732B00AA8F36 /* Sources */ = {
			isa = PBXSourcesBuildPhase;
			buildActionMask = 2147483647;
			files = (
				92FBF7ED29111D3300AE5BDC /* MainMenuItem.swift in Sources */,
				929E09E828D1DFB600AA8F36 /* ChoresView.swift in Sources */,
				9264C42B28F482CC004C7F40 /* ClassTesting.swift in Sources */,
				92FBF7EF29111FE100AE5BDC /* RewardItem.swift in Sources */,
				9264C42328ED9164004C7F40 /* ColourExtension.swift in Sources */,
				922B264B28E2F30A007FF62E /* CheckBoxView.swift in Sources */,
				92FBF7F129111FF500AE5BDC /* Reward.swift in Sources */,
				929E09EA28D1DFC900AA8F36 /* MainView.swift in Sources */,
				9264C42728F47DD0004C7F40 /* Chore.swift in Sources */,
				9264C42D28F484ED004C7F40 /* DateExtenstion.swift in Sources */,
				929E09BA28D0732B00AA8F36 /* ALevelProgrammingProjectApp.swift in Sources */,
				92FBF7E929111C0500AE5BDC /* ChoreItem.swift in Sources */,
				929E09EC28D1E18600AA8F36 /* RewardsView.swift in Sources */,
			);
			runOnlyForDeploymentPostprocessing = 0;
		};
		929E09C228D0732D00AA8F36 /* Sources */ = {
			isa = PBXSourcesBuildPhase;
			buildActionMask = 2147483647;
			files = (
				929E09CB28D0732D00AA8F36 /* ALevelProgrammingProjectTests.swift in Sources */,
			);
			runOnlyForDeploymentPostprocessing = 0;
		};
		929E09CC28D0732D00AA8F36 /* Sources */ = {
			isa = PBXSourcesBuildPhase;
			buildActionMask = 2147483647;
			files = (
				929E09D528D0732D00AA8F36 /* ALevelProgrammingProjectUITests.swift in Sources */,
				929E09D728D0732D00AA8F36 /* ALevelProgrammingProjectUITestsLaunchTests.swift in Sources */,
			);
			runOnlyForDeploymentPostprocessing = 0;
		};
/* End PBXSourcesBuildPhase section */

/* Begin PBXTargetDependency section */
		929E09C828D0732D00AA8F36 /* PBXTargetDependency */ = {
			isa = PBXTargetDependency;
			target = 929E09B528D0732B00AA8F36 /* ALevelProgrammingProject */;
			targetProxy = 929E09C728D0732D00AA8F36 /* PBXContainerItemProxy */;
		};
		929E09D228D0732D00AA8F36 /* PBXTargetDependency */ = {
			isa = PBXTargetDependency;
			target = 929E09B528D0732B00AA8F36 /* ALevelProgrammingProject */;
			targetProxy = 929E09D128D0732D00AA8F36 /* PBXContainerItemProxy */;
		};
/* End PBXTargetDependency section */

/* Begin XCBuildConfiguration section */
		929E09D828D0732D00AA8F36 /* Debug */ = {
			isa = XCBuildConfiguration;
			buildSettings = {
				ALWAYS_SEARCH_USER_PATHS = NO;
				CLANG_ANALYZER_NONNULL = YES;
				CLANG_ANALYZER_NUMBER_OBJECT_CONVERSION = YES_AGGRESSIVE;
				CLANG_CXX_LANGUAGE_STANDARD = "gnu++17";
				CLANG_CXX_LIBRARY = "libc++";
				CLANG_ENABLE_MODULES = YES;
				CLANG_ENABLE_OBJC_ARC = YES;
				CLANG_ENABLE_OBJC_WEAK = YES;
				CLANG_WARN_BLOCK_CAPTURE_AUTORELEASING = YES;
				CLANG_WARN_BOOL_CONVERSION = YES;
				CLANG_WARN_COMMA = YES;
				CLANG_WARN_CONSTANT_CONVERSION = YES;
				CLANG_WARN_DEPRECATED_OBJC_IMPLEMENTATIONS = YES;
				CLANG_WARN_DIRECT_OBJC_ISA_USAGE = YES_ERROR;
				CLANG_WARN_DOCUMENTATION_COMMENTS = YES;
				CLANG_WARN_EMPTY_BODY = YES;
				CLANG_WARN_ENUM_CONVERSION = YES;
				CLANG_WARN_INFINITE_RECURSION = YES;
				CLANG_WARN_INT_CONVERSION = YES;
				CLANG_WARN_NON_LITERAL_NULL_CONVERSION = YES;
				CLANG_WARN_OBJC_IMPLICIT_RETAIN_SELF = YES;
				CLANG_WARN_OBJC_LITERAL_CONVERSION = YES;
				CLANG_WARN_OBJC_ROOT_CLASS = YES_ERROR;
				CLANG_WARN_QUOTED_INCLUDE_IN_FRAMEWORK_HEADER = YES;
				CLANG_WARN_RANGE_LOOP_ANALYSIS = YES;
				CLANG_WARN_STRICT_PROTOTYPES = YES;
				CLANG_WARN_SUSPICIOUS_MOVE = YES;
				CLANG_WARN_UNGUARDED_AVAILABILITY = YES_AGGRESSIVE;
				CLANG_WARN_UNREACHABLE_CODE = YES;
				CLANG_WARN__DUPLICATE_METHOD_MATCH = YES;
				COPY_PHASE_STRIP = NO;
				DEBUG_INFORMATION_FORMAT = dwarf;
				ENABLE_STRICT_OBJC_MSGSEND = YES;
				ENABLE_TESTABILITY = YES;
				GCC_C_LANGUAGE_STANDARD = gnu11;
				GCC_DYNAMIC_NO_PIC = NO;
				GCC_NO_COMMON_BLOCKS = YES;
				GCC_OPTIMIZATION_LEVEL = 0;
				GCC_PREPROCESSOR_DEFINITIONS = (
					"DEBUG=1",
					"$(inherited)",
				);
				GCC_WARN_64_TO_32_BIT_CONVERSION = YES;
				GCC_WARN_ABOUT_RETURN_TYPE = YES_ERROR;
				GCC_WARN_UNDECLARED_SELECTOR = YES;
				GCC_WARN_UNINITIALIZED_AUTOS = YES_AGGRESSIVE;
				GCC_WARN_UNUSED_FUNCTION = YES;
				GCC_WARN_UNUSED_VARIABLE = YES;
				IPHONEOS_DEPLOYMENT_TARGET = 15.0;
				MTL_ENABLE_DEBUG_INFO = INCLUDE_SOURCE;
				MTL_FAST_MATH = YES;
				ONLY_ACTIVE_ARCH = YES;
				SDKROOT = iphoneos;
				SWIFT_ACTIVE_COMPILATION_CONDITIONS = DEBUG;
				SWIFT_OPTIMIZATION_LEVEL = "-Onone";
			};
			name = Debug;
		};
		929E09D928D0732D00AA8F36 /* Release */ = {
			isa = XCBuildConfiguration;
			buildSettings = {
				ALWAYS_SEARCH_USER_PATHS = NO;
				CLANG_ANALYZER_NONNULL = YES;
				CLANG_ANALYZER_NUMBER_OBJECT_CONVERSION = YES_AGGRESSIVE;
				CLANG_CXX_LANGUAGE_STANDARD = "gnu++17";
				CLANG_CXX_LIBRARY = "libc++";
				CLANG_ENABLE_MODULES = YES;
				CLANG_ENABLE_OBJC_ARC = YES;
				CLANG_ENABLE_OBJC_WEAK = YES;
				CLANG_WARN_BLOCK_CAPTURE_AUTORELEASING = YES;
				CLANG_WARN_BOOL_CONVERSION = YES;
				CLANG_WARN_COMMA = YES;
				CLANG_WARN_CONSTANT_CONVERSION = YES;
				CLANG_WARN_DEPRECATED_OBJC_IMPLEMENTATIONS = YES;
				CLANG_WARN_DIRECT_OBJC_ISA_USAGE = YES_ERROR;
				CLANG_WARN_DOCUMENTATION_COMMENTS = YES;
				CLANG_WARN_EMPTY_BODY = YES;
				CLANG_WARN_ENUM_CONVERSION = YES;
				CLANG_WARN_INFINITE_RECURSION = YES;
				CLANG_WARN_INT_CONVERSION = YES;
				CLANG_WARN_NON_LITERAL_NULL_CONVERSION = YES;
				CLANG_WARN_OBJC_IMPLICIT_RETAIN_SELF = YES;
				CLANG_WARN_OBJC_LITERAL_CONVERSION = YES;
				CLANG_WARN_OBJC_ROOT_CLASS = YES_ERROR;
				CLANG_WARN_QUOTED_INCLUDE_IN_FRAMEWORK_HEADER = YES;
				CLANG_WARN_RANGE_LOOP_ANALYSIS = YES;
				CLANG_WARN_STRICT_PROTOTYPES = YES;
				CLANG_WARN_SUSPICIOUS_MOVE = YES;
				CLANG_WARN_UNGUARDED_AVAILABILITY = YES_AGGRESSIVE;
				CLANG_WARN_UNREACHABLE_CODE = YES;
				CLANG_WARN__DUPLICATE_METHOD_MATCH = YES;
				COPY_PHASE_STRIP = NO;
				DEBUG_INFORMATION_FORMAT = "dwarf-with-dsym";
				ENABLE_NS_ASSERTIONS = NO;
				ENABLE_STRICT_OBJC_MSGSEND = YES;
				GCC_C_LANGUAGE_STANDARD = gnu11;
				GCC_NO_COMMON_BLOCKS = YES;
				GCC_WARN_64_TO_32_BIT_CONVERSION = YES;
				GCC_WARN_ABOUT_RETURN_TYPE = YES_ERROR;
				GCC_WARN_UNDECLARED_SELECTOR = YES;
				GCC_WARN_UNINITIALIZED_AUTOS = YES_AGGRESSIVE;
				GCC_WARN_UNUSED_FUNCTION = YES;
				GCC_WARN_UNUSED_VARIABLE = YES;
				IPHONEOS_DEPLOYMENT_TARGET = 15.0;
				MTL_ENABLE_DEBUG_INFO = NO;
				MTL_FAST_MATH = YES;
				SDKROOT = iphoneos;
				SWIFT_COMPILATION_MODE = wholemodule;
				SWIFT_OPTIMIZATION_LEVEL = "-O";
				VALIDATE_PRODUCT = YES;
			};
			name = Release;
		};
		929E09DB28D0732D00AA8F36 /* Debug */ = {
			isa = XCBuildConfiguration;
			buildSettings = {
				ASSETCATALOG_COMPILER_APPICON_NAME = AppIcon;
				ASSETCATALOG_COMPILER_GLOBAL_ACCENT_COLOR_NAME = AccentColor;
				CODE_SIGN_STYLE = Automatic;
				CURRENT_PROJECT_VERSION = 1;
				DEVELOPMENT_ASSET_PATHS = "\"ALevelProgrammingProject/Preview Content\"";
				DEVELOPMENT_TEAM = K3Q6372L45;
				ENABLE_PREVIEWS = YES;
				GENERATE_INFOPLIST_FILE = YES;
				INFOPLIST_KEY_UIApplicationSceneManifest_Generation = YES;
				INFOPLIST_KEY_UIApplicationSupportsIndirectInputEvents = YES;
				INFOPLIST_KEY_UILaunchScreen_Generation = YES;
				INFOPLIST_KEY_UISupportedInterfaceOrientations_iPad = "UIInterfaceOrientationPortrait UIInterfaceOrientationPortraitUpsideDown UIInterfaceOrientationLandscapeLeft UIInterfaceOrientationLandscapeRight";
				INFOPLIST_KEY_UISupportedInterfaceOrientations_iPhone = "UIInterfaceOrientationPortrait UIInterfaceOrientationLandscapeLeft UIInterfaceOrientationLandscapeRight";
				IPHONEOS_DEPLOYMENT_TARGET = 15.0;
				LD_RUNPATH_SEARCH_PATHS = (
					"$(inherited)",
					"@executable_path/Frameworks",
				);
				MARKETING_VERSION = 1.0;
				PRODUCT_BUNDLE_IDENTIFIER = com.nhodson157.ALevelProgrammingProject;
				PRODUCT_NAME = "$(TARGET_NAME)";
				SWIFT_EMIT_LOC_STRINGS = YES;
				SWIFT_VERSION = 5.0;
				TARGETED_DEVICE_FAMILY = "1,2";
			};
			name = Debug;
		};
		929E09DC28D0732D00AA8F36 /* Release */ = {
			isa = XCBuildConfiguration;
			buildSettings = {
				ASSETCATALOG_COMPILER_APPICON_NAME = AppIcon;
				ASSETCATALOG_COMPILER_GLOBAL_ACCENT_COLOR_NAME = AccentColor;
				CODE_SIGN_STYLE = Automatic;
				CURRENT_PROJECT_VERSION = 1;
				DEVELOPMENT_ASSET_PATHS = "\"ALevelProgrammingProject/Preview Content\"";
				DEVELOPMENT_TEAM = K3Q6372L45;
				ENABLE_PREVIEWS = YES;
				GENERATE_INFOPLIST_FILE = YES;
				INFOPLIST_KEY_UIApplicationSceneManifest_Generation = YES;
				INFOPLIST_KEY_UIApplicationSupportsIndirectInputEvents = YES;
				INFOPLIST_KEY_UILaunchScreen_Generation = YES;
				INFOPLIST_KEY_UISupportedInterfaceOrientations_iPad = "UIInterfaceOrientationPortrait UIInterfaceOrientationPortraitUpsideDown UIInterfaceOrientationLandscapeLeft UIInterfaceOrientationLandscapeRight";
				INFOPLIST_KEY_UISupportedInterfaceOrientations_iPhone = "UIInterfaceOrientationPortrait UIInterfaceOrientationLandscapeLeft UIInterfaceOrientationLandscapeRight";
				IPHONEOS_DEPLOYMENT_TARGET = 15.0;
				LD_RUNPATH_SEARCH_PATHS = (
					"$(inherited)",
					"@executable_path/Frameworks",
				);
				MARKETING_VERSION = 1.0;
				PRODUCT_BUNDLE_IDENTIFIER = com.nhodson157.ALevelProgrammingProject;
				PRODUCT_NAME = "$(TARGET_NAME)";
				SWIFT_EMIT_LOC_STRINGS = YES;
				SWIFT_VERSION = 5.0;
				TARGETED_DEVICE_FAMILY = "1,2";
			};
			name = Release;
		};
		929E09DE28D0732D00AA8F36 /* Debug */ = {
			isa = XCBuildConfiguration;
			buildSettings = {
				ALWAYS_EMBED_SWIFT_STANDARD_LIBRARIES = YES;
				BUNDLE_LOADER = "$(TEST_HOST)";
				CODE_SIGN_STYLE = Automatic;
				CURRENT_PROJECT_VERSION = 1;
				DEVELOPMENT_TEAM = K3Q6372L45;
				GENERATE_INFOPLIST_FILE = YES;
				IPHONEOS_DEPLOYMENT_TARGET = 14.0;
				LD_RUNPATH_SEARCH_PATHS = (
					"$(inherited)",
					"@executable_path/Frameworks",
					"@loader_path/Frameworks",
				);
				MARKETING_VERSION = 1.0;
				PRODUCT_BUNDLE_IDENTIFIER = com.nhodson157.ALevelProgrammingProjectTests;
				PRODUCT_NAME = "$(TARGET_NAME)";
				SWIFT_EMIT_LOC_STRINGS = NO;
				SWIFT_VERSION = 5.0;
				TARGETED_DEVICE_FAMILY = "1,2";
				TEST_HOST = "$(BUILT_PRODUCTS_DIR)/ALevelProgrammingProject.app/ALevelProgrammingProject";
			};
			name = Debug;
		};
		929E09DF28D0732D00AA8F36 /* Release */ = {
			isa = XCBuildConfiguration;
			buildSettings = {
				ALWAYS_EMBED_SWIFT_STANDARD_LIBRARIES = YES;
				BUNDLE_LOADER = "$(TEST_HOST)";
				CODE_SIGN_STYLE = Automatic;
				CURRENT_PROJECT_VERSION = 1;
				DEVELOPMENT_TEAM = K3Q6372L45;
				GENERATE_INFOPLIST_FILE = YES;
				IPHONEOS_DEPLOYMENT_TARGET = 14.0;
				LD_RUNPATH_SEARCH_PATHS = (
					"$(inherited)",
					"@executable_path/Frameworks",
					"@loader_path/Frameworks",
				);
				MARKETING_VERSION = 1.0;
				PRODUCT_BUNDLE_IDENTIFIER = com.nhodson157.ALevelProgrammingProjectTests;
				PRODUCT_NAME = "$(TARGET_NAME)";
				SWIFT_EMIT_LOC_STRINGS = NO;
				SWIFT_VERSION = 5.0;
				TARGETED_DEVICE_FAMILY = "1,2";
				TEST_HOST = "$(BUILT_PRODUCTS_DIR)/ALevelProgrammingProject.app/ALevelProgrammingProject";
			};
			name = Release;
		};
		929E09E128D0732D00AA8F36 /* Debug */ = {
			isa = XCBuildConfiguration;
			buildSettings = {
				ALWAYS_EMBED_SWIFT_STANDARD_LIBRARIES = YES;
				CODE_SIGN_STYLE = Automatic;
				CURRENT_PROJECT_VERSION = 1;
				DEVELOPMENT_TEAM = K3Q6372L45;
				GENERATE_INFOPLIST_FILE = YES;
				LD_RUNPATH_SEARCH_PATHS = (
					"$(inherited)",
					"@executable_path/Frameworks",
					"@loader_path/Frameworks",
				);
				MARKETING_VERSION = 1.0;
				PRODUCT_BUNDLE_IDENTIFIER = com.nhodson157.ALevelProgrammingProjectUITests;
				PRODUCT_NAME = "$(TARGET_NAME)";
				SWIFT_EMIT_LOC_STRINGS = NO;
				SWIFT_VERSION = 5.0;
				TARGETED_DEVICE_FAMILY = "1,2";
				TEST_TARGET_NAME = ALevelProgrammingProject;
			};
			name = Debug;
		};
		929E09E228D0732D00AA8F36 /* Release */ = {
			isa = XCBuildConfiguration;
			buildSettings = {
				ALWAYS_EMBED_SWIFT_STANDARD_LIBRARIES = YES;
				CODE_SIGN_STYLE = Automatic;
				CURRENT_PROJECT_VERSION = 1;
				DEVELOPMENT_TEAM = K3Q6372L45;
				GENERATE_INFOPLIST_FILE = YES;
				LD_RUNPATH_SEARCH_PATHS = (
					"$(inherited)",
					"@executable_path/Frameworks",
					"@loader_path/Frameworks",
				);
				MARKETING_VERSION = 1.0;
				PRODUCT_BUNDLE_IDENTIFIER = com.nhodson157.ALevelProgrammingProjectUITests;
				PRODUCT_NAME = "$(TARGET_NAME)";
				SWIFT_EMIT_LOC_STRINGS = NO;
				SWIFT_VERSION = 5.0;
				TARGETED_DEVICE_FAMILY = "1,2";
				TEST_TARGET_NAME = ALevelProgrammingProject;
			};
			name = Release;
		};
/* End XCBuildConfiguration section */

/* Begin XCConfigurationList section */
		929E09B128D0732B00AA8F36 /* Build configuration list for PBXProject "ALevelProgrammingProject" */ = {
			isa = XCConfigurationList;
			buildConfigurations = (
				929E09D828D0732D00AA8F36 /* Debug */,
				929E09D928D0732D00AA8F36 /* Release */,
			);
			defaultConfigurationIsVisible = 0;
			defaultConfigurationName = Release;
		};
		929E09DA28D0732D00AA8F36 /* Build configuration list for PBXNativeTarget "ALevelProgrammingProject" */ = {
			isa = XCConfigurationList;
			buildConfigurations = (
				929E09DB28D0732D00AA8F36 /* Debug */,
				929E09DC28D0732D00AA8F36 /* Release */,
			);
			defaultConfigurationIsVisible = 0;
			defaultConfigurationName = Release;
		};
		929E09DD28D0732D00AA8F36 /* Build configuration list for PBXNativeTarget "ALevelProgrammingProjectTests" */ = {
			isa = XCConfigurationList;
			buildConfigurations = (
				929E09DE28D0732D00AA8F36 /* Debug */,
				929E09DF28D0732D00AA8F36 /* Release */,
			);
			defaultConfigurationIsVisible = 0;
			defaultConfigurationName = Release;
		};
		929E09E028D0732D00AA8F36 /* Build configuration list for PBXNativeTarget "ALevelProgrammingProjectUITests" */ = {
			isa = XCConfigurationList;
			buildConfigurations = (
				929E09E128D0732D00AA8F36 /* Debug */,
				929E09E228D0732D00AA8F36 /* Release */,
			);
			defaultConfigurationIsVisible = 0;
			defaultConfigurationName = Release;
		};
/* End XCConfigurationList section */
	};
	rootObject = 929E09AE28D0732B00AA8F36 /* Project object */;
}
